dependencies:
  dernasherbrezon/sx127x:
    component_hash: 98fa3fd80e015566ff47ecb4bf5d0d096fb25958f2345e1d440adb1ce8351349
    source:
      service_url: https://api.components.espressif.com/
      type: service
    version: 3.1.2
  idf:
    component_hash: null
    source:
      type: idf
    version: 5.2.1
  joltwallet/littlefs:
    component_hash: 1d8f346fe94debb00483f76d04b6648083f2d3505da811beccdbd0bd1f6c24cd
    source:
      service_url: https://api.components.espressif.com/
      type: service
    version: 1.11.0
manifest_hash: c27387e8224ddec2d028242ce342fcf288dbc2f5284e686e699ad209a94a7b96
target: esp32s3
version: 1.0.0
